// !$*UTF8*$!
{
	archiveVersion = 1;
	classes = {
	};
	objectVersion = 46;
	objects = {

/* Begin PBXBuildFile section */
		1C5C3C551EBA1364DAA6CA12 /* Pods_textU.framework in Frameworks */ = {isa = PBXBuildFile; fileRef = D464A9821C3529267FF254E1 /* Pods_textU.framework */; };
		42273D751D93FD6200FEEB21 /* GoogleService-Info.plist in Resources */ = {isa = PBXBuildFile; fileRef = 42273D741D93FD6200FEEB21 /* GoogleService-Info.plist */; };
		422E79CD1D9D4DED00F85C2E /* User.swift in Sources */ = {isa = PBXBuildFile; fileRef = 422E79CC1D9D4DED00F85C2E /* User.swift */; };
		42432F2D1D928A9C007DDF75 /* AppDelegate.swift in Sources */ = {isa = PBXBuildFile; fileRef = 42432F2C1D928A9C007DDF75 /* AppDelegate.swift */; };
		42432F351D928A9C007DDF75 /* textU.xcdatamodeld in Sources */ = {isa = PBXBuildFile; fileRef = 42432F331D928A9C007DDF75 /* textU.xcdatamodeld */; };
		42432F371D928A9C007DDF75 /* Assets.xcassets in Resources */ = {isa = PBXBuildFile; fileRef = 42432F361D928A9C007DDF75 /* Assets.xcassets */; };
		42432F3A1D928A9C007DDF75 /* LaunchScreen.storyboard in Resources */ = {isa = PBXBuildFile; fileRef = 42432F381D928A9C007DDF75 /* LaunchScreen.storyboard */; };
		42432F451D928A9C007DDF75 /* textUTests.swift in Sources */ = {isa = PBXBuildFile; fileRef = 42432F441D928A9C007DDF75 /* textUTests.swift */; };
		42432F501D928A9C007DDF75 /* textUUITests.swift in Sources */ = {isa = PBXBuildFile; fileRef = 42432F4F1D928A9C007DDF75 /* textUUITests.swift */; };
		427B5F491D950B320088398B /* FBSDKCoreKit.framework in Frameworks */ = {isa = PBXBuildFile; fileRef = 427B5F471D950B320088398B /* FBSDKCoreKit.framework */; };
		427B5F4A1D950B320088398B /* FBSDKLoginKit.framework in Frameworks */ = {isa = PBXBuildFile; fileRef = 427B5F481D950B320088398B /* FBSDKLoginKit.framework */; };
		427B5F4C1D950E610088398B /* Bolts.framework in Frameworks */ = {isa = PBXBuildFile; fileRef = 427B5F4B1D950E610088398B /* Bolts.framework */; };
		4291CEAF1D9B8FE20010121B /* CellMessageTableViewCell.swift in Sources */ = {isa = PBXBuildFile; fileRef = 4291CEA81D9B8FE20010121B /* CellMessageTableViewCell.swift */; };
		4291CEB01D9B8FE20010121B /* CellMessageTableViewCell.xib in Resources */ = {isa = PBXBuildFile; fileRef = 4291CEA91D9B8FE20010121B /* CellMessageTableViewCell.xib */; };
		4291CEB11D9B8FE20010121B /* LandingPageViewController.swift in Sources */ = {isa = PBXBuildFile; fileRef = 4291CEAA1D9B8FE20010121B /* LandingPageViewController.swift */; };
		4291CEB21D9B8FE20010121B /* LandingPageViewController.xib in Resources */ = {isa = PBXBuildFile; fileRef = 4291CEAB1D9B8FE20010121B /* LandingPageViewController.xib */; };
		4291CEB31D9B8FE20010121B /* LoginRegisterViewController.swift in Sources */ = {isa = PBXBuildFile; fileRef = 4291CEAD1D9B8FE20010121B /* LoginRegisterViewController.swift */; };
		4291CEB41D9B8FE20010121B /* LoginRegisterViewController.xib in Resources */ = {isa = PBXBuildFile; fileRef = 4291CEAE1D9B8FE20010121B /* LoginRegisterViewController.xib */; };
		5183C5CD11C157FCF2D97F41 /* Pods_textUTests.framework in Frameworks */ = {isa = PBXBuildFile; fileRef = EAC058268587D7C49CC4E4BB /* Pods_textUTests.framework */; };
		569F81A248FD9EB23EA9C449 /* Pods_textUUITests.framework in Frameworks */ = {isa = PBXBuildFile; fileRef = 6BCFCE0473C3030A56BF958B /* Pods_textUUITests.framework */; };
/* End PBXBuildFile section */

/* Begin PBXContainerItemProxy section */
		42432F411D928A9C007DDF75 /* PBXContainerItemProxy */ = {
			isa = PBXContainerItemProxy;
			containerPortal = 42432F211D928A9C007DDF75 /* Project object */;
			proxyType = 1;
			remoteGlobalIDString = 42432F281D928A9C007DDF75;
			remoteInfo = textU;
		};
		42432F4C1D928A9C007DDF75 /* PBXContainerItemProxy */ = {
			isa = PBXContainerItemProxy;
			containerPortal = 42432F211D928A9C007DDF75 /* Project object */;
			proxyType = 1;
			remoteGlobalIDString = 42432F281D928A9C007DDF75;
			remoteInfo = textU;
		};
/* End PBXContainerItemProxy section */

/* Begin PBXFileReference section */
		0C8BC30A60DB5C256097744A /* Pods-textU.release.xcconfig */ = {isa = PBXFileReference; includeInIndex = 1; lastKnownFileType = text.xcconfig; name = "Pods-textU.release.xcconfig"; path = "Pods/Target Support Files/Pods-textU/Pods-textU.release.xcconfig"; sourceTree = "<group>"; };
		10D23C683479C77579789F2D /* Pods-textUUITests.debug.xcconfig */ = {isa = PBXFileReference; includeInIndex = 1; lastKnownFileType = text.xcconfig; name = "Pods-textUUITests.debug.xcconfig"; path = "Pods/Target Support Files/Pods-textUUITests/Pods-textUUITests.debug.xcconfig"; sourceTree = "<group>"; };
		42273D6C1D93DFF900FEEB21 /* textU-Bridging-Header.h */ = {isa = PBXFileReference; lastKnownFileType = sourcecode.c.h; path = "textU-Bridging-Header.h"; sourceTree = "<group>"; };
		42273D741D93FD6200FEEB21 /* GoogleService-Info.plist */ = {isa = PBXFileReference; fileEncoding = 4; lastKnownFileType = text.plist.xml; path = "GoogleService-Info.plist"; sourceTree = "<group>"; };
		422E79CC1D9D4DED00F85C2E /* User.swift */ = {isa = PBXFileReference; fileEncoding = 4; lastKnownFileType = sourcecode.swift; path = User.swift; sourceTree = "<group>"; };
		42432F291D928A9C007DDF75 /* textU.app */ = {isa = PBXFileReference; explicitFileType = wrapper.application; includeInIndex = 0; path = textU.app; sourceTree = BUILT_PRODUCTS_DIR; };
		42432F2C1D928A9C007DDF75 /* AppDelegate.swift */ = {isa = PBXFileReference; lastKnownFileType = sourcecode.swift; path = AppDelegate.swift; sourceTree = "<group>"; };
		42432F341D928A9C007DDF75 /* textU.xcdatamodel */ = {isa = PBXFileReference; lastKnownFileType = wrapper.xcdatamodel; path = textU.xcdatamodel; sourceTree = "<group>"; };
		42432F361D928A9C007DDF75 /* Assets.xcassets */ = {isa = PBXFileReference; lastKnownFileType = folder.assetcatalog; path = Assets.xcassets; sourceTree = "<group>"; };
		42432F391D928A9C007DDF75 /* Base */ = {isa = PBXFileReference; lastKnownFileType = file.storyboard; name = Base; path = Base.lproj/LaunchScreen.storyboard; sourceTree = "<group>"; };
		42432F3B1D928A9C007DDF75 /* Info.plist */ = {isa = PBXFileReference; lastKnownFileType = text.plist.xml; path = Info.plist; sourceTree = "<group>"; };
		42432F401D928A9C007DDF75 /* textUTests.xctest */ = {isa = PBXFileReference; explicitFileType = wrapper.cfbundle; includeInIndex = 0; path = textUTests.xctest; sourceTree = BUILT_PRODUCTS_DIR; };
		42432F441D928A9C007DDF75 /* textUTests.swift */ = {isa = PBXFileReference; lastKnownFileType = sourcecode.swift; path = textUTests.swift; sourceTree = "<group>"; };
		42432F461D928A9C007DDF75 /* Info.plist */ = {isa = PBXFileReference; lastKnownFileType = text.plist.xml; path = Info.plist; sourceTree = "<group>"; };
		42432F4B1D928A9C007DDF75 /* textUUITests.xctest */ = {isa = PBXFileReference; explicitFileType = wrapper.cfbundle; includeInIndex = 0; path = textUUITests.xctest; sourceTree = BUILT_PRODUCTS_DIR; };
		42432F4F1D928A9C007DDF75 /* textUUITests.swift */ = {isa = PBXFileReference; lastKnownFileType = sourcecode.swift; path = textUUITests.swift; sourceTree = "<group>"; };
		42432F511D928A9C007DDF75 /* Info.plist */ = {isa = PBXFileReference; lastKnownFileType = text.plist.xml; path = Info.plist; sourceTree = "<group>"; };
		427B5F471D950B320088398B /* FBSDKCoreKit.framework */ = {isa = PBXFileReference; lastKnownFileType = wrapper.framework; path = FBSDKCoreKit.framework; sourceTree = "<group>"; };
		427B5F481D950B320088398B /* FBSDKLoginKit.framework */ = {isa = PBXFileReference; lastKnownFileType = wrapper.framework; path = FBSDKLoginKit.framework; sourceTree = "<group>"; };
		427B5F4B1D950E610088398B /* Bolts.framework */ = {isa = PBXFileReference; lastKnownFileType = wrapper.framework; path = Bolts.framework; sourceTree = "<group>"; };
		4291CEA81D9B8FE20010121B /* CellMessageTableViewCell.swift */ = {isa = PBXFileReference; fileEncoding = 4; lastKnownFileType = sourcecode.swift; path = CellMessageTableViewCell.swift; sourceTree = "<group>"; };
		4291CEA91D9B8FE20010121B /* CellMessageTableViewCell.xib */ = {isa = PBXFileReference; fileEncoding = 4; lastKnownFileType = file.xib; path = CellMessageTableViewCell.xib; sourceTree = "<group>"; };
		4291CEAA1D9B8FE20010121B /* LandingPageViewController.swift */ = {isa = PBXFileReference; fileEncoding = 4; lastKnownFileType = sourcecode.swift; path = LandingPageViewController.swift; sourceTree = "<group>"; };
		4291CEAB1D9B8FE20010121B /* LandingPageViewController.xib */ = {isa = PBXFileReference; fileEncoding = 4; lastKnownFileType = file.xib; path = LandingPageViewController.xib; sourceTree = "<group>"; };
		4291CEAD1D9B8FE20010121B /* LoginRegisterViewController.swift */ = {isa = PBXFileReference; fileEncoding = 4; lastKnownFileType = sourcecode.swift; path = LoginRegisterViewController.swift; sourceTree = "<group>"; };
		4291CEAE1D9B8FE20010121B /* LoginRegisterViewController.xib */ = {isa = PBXFileReference; fileEncoding = 4; lastKnownFileType = file.xib; path = LoginRegisterViewController.xib; sourceTree = "<group>"; };
		4F144C07073A768916385CFA /* Pods-textU.debug.xcconfig */ = {isa = PBXFileReference; includeInIndex = 1; lastKnownFileType = text.xcconfig; name = "Pods-textU.debug.xcconfig"; path = "Pods/Target Support Files/Pods-textU/Pods-textU.debug.xcconfig"; sourceTree = "<group>"; };
		5F218BDF09755397DFF51E9A /* Pods-textUTests.debug.xcconfig */ = {isa = PBXFileReference; includeInIndex = 1; lastKnownFileType = text.xcconfig; name = "Pods-textUTests.debug.xcconfig"; path = "Pods/Target Support Files/Pods-textUTests/Pods-textUTests.debug.xcconfig"; sourceTree = "<group>"; };
		6BCFCE0473C3030A56BF958B /* Pods_textUUITests.framework */ = {isa = PBXFileReference; explicitFileType = wrapper.framework; includeInIndex = 0; path = Pods_textUUITests.framework; sourceTree = BUILT_PRODUCTS_DIR; };
		819DAF1DDABA2CDD4012CF8D /* Pods-textUUITests.release.xcconfig */ = {isa = PBXFileReference; includeInIndex = 1; lastKnownFileType = text.xcconfig; name = "Pods-textUUITests.release.xcconfig"; path = "Pods/Target Support Files/Pods-textUUITests/Pods-textUUITests.release.xcconfig"; sourceTree = "<group>"; };
		D464A9821C3529267FF254E1 /* Pods_textU.framework */ = {isa = PBXFileReference; explicitFileType = wrapper.framework; includeInIndex = 0; path = Pods_textU.framework; sourceTree = BUILT_PRODUCTS_DIR; };
		EAC058268587D7C49CC4E4BB /* Pods_textUTests.framework */ = {isa = PBXFileReference; explicitFileType = wrapper.framework; includeInIndex = 0; path = Pods_textUTests.framework; sourceTree = BUILT_PRODUCTS_DIR; };
		F5599ACEC8578D3FC3611CB9 /* Pods-textUTests.release.xcconfig */ = {isa = PBXFileReference; includeInIndex = 1; lastKnownFileType = text.xcconfig; name = "Pods-textUTests.release.xcconfig"; path = "Pods/Target Support Files/Pods-textUTests/Pods-textUTests.release.xcconfig"; sourceTree = "<group>"; };
/* End PBXFileReference section */

/* Begin PBXFrameworksBuildPhase section */
		42432F261D928A9C007DDF75 /* Frameworks */ = {
			isa = PBXFrameworksBuildPhase;
			buildActionMask = 2147483647;
			files = (
				1C5C3C551EBA1364DAA6CA12 /* Pods_textU.framework in Frameworks */,
				427B5F491D950B320088398B /* FBSDKCoreKit.framework in Frameworks */,
				427B5F4A1D950B320088398B /* FBSDKLoginKit.framework in Frameworks */,
				427B5F4C1D950E610088398B /* Bolts.framework in Frameworks */,
			);
			runOnlyForDeploymentPostprocessing = 0;
		};
		42432F3D1D928A9C007DDF75 /* Frameworks */ = {
			isa = PBXFrameworksBuildPhase;
			buildActionMask = 2147483647;
			files = (
				5183C5CD11C157FCF2D97F41 /* Pods_textUTests.framework in Frameworks */,
			);
			runOnlyForDeploymentPostprocessing = 0;
		};
		42432F481D928A9C007DDF75 /* Frameworks */ = {
			isa = PBXFrameworksBuildPhase;
			buildActionMask = 2147483647;
			files = (
				569F81A248FD9EB23EA9C449 /* Pods_textUUITests.framework in Frameworks */,
			);
			runOnlyForDeploymentPostprocessing = 0;
		};
/* End PBXFrameworksBuildPhase section */

/* Begin PBXGroup section */
		422E79CB1D9D4DED00F85C2E /* Modals */ = {
			isa = PBXGroup;
			children = (
				422E79CC1D9D4DED00F85C2E /* User.swift */,
			);
			path = Modals;
			sourceTree = "<group>";
		};
		42432F201D928A9C007DDF75 = {
			isa = PBXGroup;
			children = (
				42432F2B1D928A9C007DDF75 /* textU */,
				42432F431D928A9C007DDF75 /* textUTests */,
				42432F4E1D928A9C007DDF75 /* textUUITests */,
				42432F2A1D928A9C007DDF75 /* Products */,
				43C7712493B283A8BE70E58B /* Pods */,
				ED5633EAF3632ED9548BF86A /* Frameworks */,
			);
			sourceTree = "<group>";
		};
		42432F2A1D928A9C007DDF75 /* Products */ = {
			isa = PBXGroup;
			children = (
				42432F291D928A9C007DDF75 /* textU.app */,
				42432F401D928A9C007DDF75 /* textUTests.xctest */,
				42432F4B1D928A9C007DDF75 /* textUUITests.xctest */,
			);
			name = Products;
			sourceTree = "<group>";
		};
		42432F2B1D928A9C007DDF75 /* textU */ = {
			isa = PBXGroup;
			children = (
				422E79CB1D9D4DED00F85C2E /* Modals */,
				4291CEA61D9B8FE20010121B /* LandingPage */,
				4291CEAC1D9B8FE20010121B /* LoginRegister */,
				42432F2C1D928A9C007DDF75 /* AppDelegate.swift */,
				42432F361D928A9C007DDF75 /* Assets.xcassets */,
				42432F381D928A9C007DDF75 /* LaunchScreen.storyboard */,
				42432F3B1D928A9C007DDF75 /* Info.plist */,
				42432F331D928A9C007DDF75 /* textU.xcdatamodeld */,
				42273D6C1D93DFF900FEEB21 /* textU-Bridging-Header.h */,
				42273D741D93FD6200FEEB21 /* GoogleService-Info.plist */,
			);
			path = textU;
			sourceTree = "<group>";
		};
		42432F431D928A9C007DDF75 /* textUTests */ = {
			isa = PBXGroup;
			children = (
				42432F441D928A9C007DDF75 /* textUTests.swift */,
				42432F461D928A9C007DDF75 /* Info.plist */,
			);
			path = textUTests;
			sourceTree = "<group>";
		};
		42432F4E1D928A9C007DDF75 /* textUUITests */ = {
			isa = PBXGroup;
			children = (
				42432F4F1D928A9C007DDF75 /* textUUITests.swift */,
				42432F511D928A9C007DDF75 /* Info.plist */,
			);
			path = textUUITests;
			sourceTree = "<group>";
		};
		4291CEA61D9B8FE20010121B /* LandingPage */ = {
			isa = PBXGroup;
			children = (
				4291CEAA1D9B8FE20010121B /* LandingPageViewController.swift */,
				4291CEAB1D9B8FE20010121B /* LandingPageViewController.xib */,
				4291CEA71D9B8FE20010121B /* Cell */,
			);
			path = LandingPage;
			sourceTree = "<group>";
		};
		4291CEA71D9B8FE20010121B /* Cell */ = {
			isa = PBXGroup;
			children = (
				4291CEA81D9B8FE20010121B /* CellMessageTableViewCell.swift */,
				4291CEA91D9B8FE20010121B /* CellMessageTableViewCell.xib */,
			);
			path = Cell;
			sourceTree = "<group>";
		};
		4291CEAC1D9B8FE20010121B /* LoginRegister */ = {
			isa = PBXGroup;
			children = (
				4291CEAD1D9B8FE20010121B /* LoginRegisterViewController.swift */,
				4291CEAE1D9B8FE20010121B /* LoginRegisterViewController.xib */,
			);
			path = LoginRegister;
			sourceTree = "<group>";
		};
		43C7712493B283A8BE70E58B /* Pods */ = {
			isa = PBXGroup;
			children = (
				4F144C07073A768916385CFA /* Pods-textU.debug.xcconfig */,
				0C8BC30A60DB5C256097744A /* Pods-textU.release.xcconfig */,
				5F218BDF09755397DFF51E9A /* Pods-textUTests.debug.xcconfig */,
				F5599ACEC8578D3FC3611CB9 /* Pods-textUTests.release.xcconfig */,
				10D23C683479C77579789F2D /* Pods-textUUITests.debug.xcconfig */,
				819DAF1DDABA2CDD4012CF8D /* Pods-textUUITests.release.xcconfig */,
			);
			name = Pods;
			sourceTree = "<group>";
		};
		ED5633EAF3632ED9548BF86A /* Frameworks */ = {
			isa = PBXGroup;
			children = (
				427B5F4B1D950E610088398B /* Bolts.framework */,
				427B5F471D950B320088398B /* FBSDKCoreKit.framework */,
				427B5F481D950B320088398B /* FBSDKLoginKit.framework */,
				D464A9821C3529267FF254E1 /* Pods_textU.framework */,
				EAC058268587D7C49CC4E4BB /* Pods_textUTests.framework */,
				6BCFCE0473C3030A56BF958B /* Pods_textUUITests.framework */,
			);
			name = Frameworks;
			sourceTree = "<group>";
		};
/* End PBXGroup section */

/* Begin PBXNativeTarget section */
		42432F281D928A9C007DDF75 /* textU */ = {
			isa = PBXNativeTarget;
			buildConfigurationList = 42432F541D928A9C007DDF75 /* Build configuration list for PBXNativeTarget "textU" */;
			buildPhases = (
				2F16576D1E432D2E4C98ADAC /* [CP] Check Pods Manifest.lock */,
				42432F251D928A9C007DDF75 /* Sources */,
				42432F261D928A9C007DDF75 /* Frameworks */,
				42432F271D928A9C007DDF75 /* Resources */,
				B16F72FCF3D7B3169230BAD8 /* [CP] Embed Pods Frameworks */,
				B7E1E8F72866CB718D244648 /* [CP] Copy Pods Resources */,
			);
			buildRules = (
			);
			dependencies = (
			);
			name = textU;
			productName = textU;
			productReference = 42432F291D928A9C007DDF75 /* textU.app */;
			productType = "com.apple.product-type.application";
		};
		42432F3F1D928A9C007DDF75 /* textUTests */ = {
			isa = PBXNativeTarget;
			buildConfigurationList = 42432F571D928A9C007DDF75 /* Build configuration list for PBXNativeTarget "textUTests" */;
			buildPhases = (
				1AB367EC5F076D6A74688049 /* [CP] Check Pods Manifest.lock */,
				42432F3C1D928A9C007DDF75 /* Sources */,
				42432F3D1D928A9C007DDF75 /* Frameworks */,
				42432F3E1D928A9C007DDF75 /* Resources */,
				0D6A74D13368F1134D671137 /* [CP] Embed Pods Frameworks */,
				57DC07570474EB1828FB1E4F /* [CP] Copy Pods Resources */,
			);
			buildRules = (
			);
			dependencies = (
				42432F421D928A9C007DDF75 /* PBXTargetDependency */,
			);
			name = textUTests;
			productName = textUTests;
			productReference = 42432F401D928A9C007DDF75 /* textUTests.xctest */;
			productType = "com.apple.product-type.bundle.unit-test";
		};
		42432F4A1D928A9C007DDF75 /* textUUITests */ = {
			isa = PBXNativeTarget;
			buildConfigurationList = 42432F5A1D928A9C007DDF75 /* Build configuration list for PBXNativeTarget "textUUITests" */;
			buildPhases = (
				16583A2E34B3F5A6769D93A0 /* [CP] Check Pods Manifest.lock */,
				42432F471D928A9C007DDF75 /* Sources */,
				42432F481D928A9C007DDF75 /* Frameworks */,
				42432F491D928A9C007DDF75 /* Resources */,
				1B2897543B918CD1663A8A32 /* [CP] Copy Pods Resources */,
			);
			buildRules = (
			);
			dependencies = (
				42432F4D1D928A9C007DDF75 /* PBXTargetDependency */,
			);
			name = textUUITests;
			productName = textUUITests;
			productReference = 42432F4B1D928A9C007DDF75 /* textUUITests.xctest */;
			productType = "com.apple.product-type.bundle.ui-testing";
		};
/* End PBXNativeTarget section */

/* Begin PBXProject section */
		42432F211D928A9C007DDF75 /* Project object */ = {
			isa = PBXProject;
			attributes = {
				LastSwiftUpdateCheck = 0730;
				LastUpgradeCheck = 0730;
				ORGANIZATIONNAME = "Finoit Technologies";
				TargetAttributes = {
					42432F281D928A9C007DDF75 = {
						CreatedOnToolsVersion = 7.3.1;
					};
					42432F3F1D928A9C007DDF75 = {
						CreatedOnToolsVersion = 7.3.1;
						TestTargetID = 42432F281D928A9C007DDF75;
					};
					42432F4A1D928A9C007DDF75 = {
						CreatedOnToolsVersion = 7.3.1;
						TestTargetID = 42432F281D928A9C007DDF75;
					};
				};
			};
			buildConfigurationList = 42432F241D928A9C007DDF75 /* Build configuration list for PBXProject "textU" */;
			compatibilityVersion = "Xcode 3.2";
			developmentRegion = English;
			hasScannedForEncodings = 0;
			knownRegions = (
				en,
				Base,
			);
			mainGroup = 42432F201D928A9C007DDF75;
			productRefGroup = 42432F2A1D928A9C007DDF75 /* Products */;
			projectDirPath = "";
			projectRoot = "";
			targets = (
				42432F281D928A9C007DDF75 /* textU */,
				42432F3F1D928A9C007DDF75 /* textUTests */,
				42432F4A1D928A9C007DDF75 /* textUUITests */,
			);
		};
/* End PBXProject section */

/* Begin PBXResourcesBuildPhase section */
		42432F271D928A9C007DDF75 /* Resources */ = {
			isa = PBXResourcesBuildPhase;
			buildActionMask = 2147483647;
			files = (
				42432F3A1D928A9C007DDF75 /* LaunchScreen.storyboard in Resources */,
				4291CEB21D9B8FE20010121B /* LandingPageViewController.xib in Resources */,
				4291CEB01D9B8FE20010121B /* CellMessageTableViewCell.xib in Resources */,
				4291CEB41D9B8FE20010121B /* LoginRegisterViewController.xib in Resources */,
				42273D751D93FD6200FEEB21 /* GoogleService-Info.plist in Resources */,
				42432F371D928A9C007DDF75 /* Assets.xcassets in Resources */,
			);
			runOnlyForDeploymentPostprocessing = 0;
		};
		42432F3E1D928A9C007DDF75 /* Resources */ = {
			isa = PBXResourcesBuildPhase;
			buildActionMask = 2147483647;
			files = (
			);
			runOnlyForDeploymentPostprocessing = 0;
		};
		42432F491D928A9C007DDF75 /* Resources */ = {
			isa = PBXResourcesBuildPhase;
			buildActionMask = 2147483647;
			files = (
			);
			runOnlyForDeploymentPostprocessing = 0;
		};
/* End PBXResourcesBuildPhase section */

/* Begin PBXShellScriptBuildPhase section */
		0D6A74D13368F1134D671137 /* [CP] Embed Pods Frameworks */ = {
			isa = PBXShellScriptBuildPhase;
			buildActionMask = 2147483647;
			files = (
			);
			inputPaths = (
			);
			name = "[CP] Embed Pods Frameworks";
			outputPaths = (
			);
			runOnlyForDeploymentPostprocessing = 0;
			shellPath = /bin/sh;
			shellScript = "\"${SRCROOT}/Pods/Target Support Files/Pods-textUTests/Pods-textUTests-frameworks.sh\"\n";
			showEnvVarsInLog = 0;
		};
		16583A2E34B3F5A6769D93A0 /* [CP] Check Pods Manifest.lock */ = {
			isa = PBXShellScriptBuildPhase;
			buildActionMask = 2147483647;
			files = (
			);
			inputPaths = (
			);
			name = "[CP] Check Pods Manifest.lock";
			outputPaths = (
			);
			runOnlyForDeploymentPostprocessing = 0;
			shellPath = /bin/sh;
			shellScript = "diff \"${PODS_ROOT}/../Podfile.lock\" \"${PODS_ROOT}/Manifest.lock\" > /dev/null\nif [[ $? != 0 ]] ; then\n    cat << EOM\nerror: The sandbox is not in sync with the Podfile.lock. Run 'pod install' or update your CocoaPods installation.\nEOM\n    exit 1\nfi\n";
			showEnvVarsInLog = 0;
		};
		1AB367EC5F076D6A74688049 /* [CP] Check Pods Manifest.lock */ = {
			isa = PBXShellScriptBuildPhase;
			buildActionMask = 2147483647;
			files = (
			);
			inputPaths = (
			);
			name = "[CP] Check Pods Manifest.lock";
			outputPaths = (
			);
			runOnlyForDeploymentPostprocessing = 0;
			shellPath = /bin/sh;
			shellScript = "diff \"${PODS_ROOT}/../Podfile.lock\" \"${PODS_ROOT}/Manifest.lock\" > /dev/null\nif [[ $? != 0 ]] ; then\n    cat << EOM\nerror: The sandbox is not in sync with the Podfile.lock. Run 'pod install' or update your CocoaPods installation.\nEOM\n    exit 1\nfi\n";
			showEnvVarsInLog = 0;
		};
		1B2897543B918CD1663A8A32 /* [CP] Copy Pods Resources */ = {
			isa = PBXShellScriptBuildPhase;
			buildActionMask = 2147483647;
			files = (
			);
			inputPaths = (
			);
			name = "[CP] Copy Pods Resources";
			outputPaths = (
			);
			runOnlyForDeploymentPostprocessing = 0;
			shellPath = /bin/sh;
			shellScript = "\"${SRCROOT}/Pods/Target Support Files/Pods-textUUITests/Pods-textUUITests-resources.sh\"\n";
			showEnvVarsInLog = 0;
		};
		2F16576D1E432D2E4C98ADAC /* [CP] Check Pods Manifest.lock */ = {
			isa = PBXShellScriptBuildPhase;
			buildActionMask = 2147483647;
			files = (
			);
			inputPaths = (
			);
			name = "[CP] Check Pods Manifest.lock";
			outputPaths = (
			);
			runOnlyForDeploymentPostprocessing = 0;
			shellPath = /bin/sh;
			shellScript = "diff \"${PODS_ROOT}/../Podfile.lock\" \"${PODS_ROOT}/Manifest.lock\" > /dev/null\nif [[ $? != 0 ]] ; then\n    cat << EOM\nerror: The sandbox is not in sync with the Podfile.lock. Run 'pod install' or update your CocoaPods installation.\nEOM\n    exit 1\nfi\n";
			showEnvVarsInLog = 0;
		};
		57DC07570474EB1828FB1E4F /* [CP] Copy Pods Resources */ = {
			isa = PBXShellScriptBuildPhase;
			buildActionMask = 2147483647;
			files = (
			);
			inputPaths = (
			);
			name = "[CP] Copy Pods Resources";
			outputPaths = (
			);
			runOnlyForDeploymentPostprocessing = 0;
			shellPath = /bin/sh;
			shellScript = "\"${SRCROOT}/Pods/Target Support Files/Pods-textUTests/Pods-textUTests-resources.sh\"\n";
			showEnvVarsInLog = 0;
		};
		B16F72FCF3D7B3169230BAD8 /* [CP] Embed Pods Frameworks */ = {
			isa = PBXShellScriptBuildPhase;
			buildActionMask = 2147483647;
			files = (
			);
			inputPaths = (
			);
			name = "[CP] Embed Pods Frameworks";
			outputPaths = (
			);
			runOnlyForDeploymentPostprocessing = 0;
			shellPath = /bin/sh;
			shellScript = "\"${SRCROOT}/Pods/Target Support Files/Pods-textU/Pods-textU-frameworks.sh\"\n";
			showEnvVarsInLog = 0;
		};
		B7E1E8F72866CB718D244648 /* [CP] Copy Pods Resources */ = {
			isa = PBXShellScriptBuildPhase;
			buildActionMask = 2147483647;
			files = (
			);
			inputPaths = (
			);
			name = "[CP] Copy Pods Resources";
			outputPaths = (
			);
			runOnlyForDeploymentPostprocessing = 0;
			shellPath = /bin/sh;
			shellScript = "\"${SRCROOT}/Pods/Target Support Files/Pods-textU/Pods-textU-resources.sh\"\n";
			showEnvVarsInLog = 0;
		};
/* End PBXShellScriptBuildPhase section */

/* Begin PBXSourcesBuildPhase section */
		42432F251D928A9C007DDF75 /* Sources */ = {
			isa = PBXSourcesBuildPhase;
			buildActionMask = 2147483647;
			files = (
				4291CEB31D9B8FE20010121B /* LoginRegisterViewController.swift in Sources */,
				42432F2D1D928A9C007DDF75 /* AppDelegate.swift in Sources */,
				422E79CD1D9D4DED00F85C2E /* User.swift in Sources */,
				42432F351D928A9C007DDF75 /* textU.xcdatamodeld in Sources */,
				4291CEAF1D9B8FE20010121B /* CellMessageTableViewCell.swift in Sources */,
				4291CEB11D9B8FE20010121B /* LandingPageViewController.swift in Sources */,
			);
			runOnlyForDeploymentPostprocessing = 0;
		};
		42432F3C1D928A9C007DDF75 /* Sources */ = {
			isa = PBXSourcesBuildPhase;
			buildActionMask = 2147483647;
			files = (
				42432F451D928A9C007DDF75 /* textUTests.swift in Sources */,
			);
			runOnlyForDeploymentPostprocessing = 0;
		};
		42432F471D928A9C007DDF75 /* Sources */ = {
			isa = PBXSourcesBuildPhase;
			buildActionMask = 2147483647;
			files = (
				42432F501D928A9C007DDF75 /* textUUITests.swift in Sources */,
			);
			runOnlyForDeploymentPostprocessing = 0;
		};
/* End PBXSourcesBuildPhase section */

/* Begin PBXTargetDependency section */
		42432F421D928A9C007DDF75 /* PBXTargetDependency */ = {
			isa = PBXTargetDependency;
			target = 42432F281D928A9C007DDF75 /* textU */;
			targetProxy = 42432F411D928A9C007DDF75 /* PBXContainerItemProxy */;
		};
		42432F4D1D928A9C007DDF75 /* PBXTargetDependency */ = {
			isa = PBXTargetDependency;
			target = 42432F281D928A9C007DDF75 /* textU */;
			targetProxy = 42432F4C1D928A9C007DDF75 /* PBXContainerItemProxy */;
		};
/* End PBXTargetDependency section */

/* Begin PBXVariantGroup section */
		42432F381D928A9C007DDF75 /* LaunchScreen.storyboard */ = {
			isa = PBXVariantGroup;
			children = (
				42432F391D928A9C007DDF75 /* Base */,
			);
			name = LaunchScreen.storyboard;
			sourceTree = "<group>";
		};
/* End PBXVariantGroup section */

/* Begin XCBuildConfiguration section */
		42432F521D928A9C007DDF75 /* Debug */ = {
			isa = XCBuildConfiguration;
			buildSettings = {
				ALWAYS_SEARCH_USER_PATHS = NO;
				CLANG_ANALYZER_NONNULL = YES;
				CLANG_CXX_LANGUAGE_STANDARD = "gnu++0x";
				CLANG_CXX_LIBRARY = "libc++";
				CLANG_ENABLE_MODULES = YES;
				CLANG_ENABLE_OBJC_ARC = YES;
				CLANG_WARN_BOOL_CONVERSION = YES;
				CLANG_WARN_CONSTANT_CONVERSION = YES;
				CLANG_WARN_DIRECT_OBJC_ISA_USAGE = YES_ERROR;
				CLANG_WARN_EMPTY_BODY = YES;
				CLANG_WARN_ENUM_CONVERSION = YES;
				CLANG_WARN_INT_CONVERSION = YES;
				CLANG_WARN_OBJC_ROOT_CLASS = YES_ERROR;
				CLANG_WARN_UNREACHABLE_CODE = YES;
				CLANG_WARN__DUPLICATE_METHOD_MATCH = YES;
				"CODE_SIGN_IDENTITY[sdk=iphoneos*]" = "iPhone Developer";
				COPY_PHASE_STRIP = NO;
				DEBUG_INFORMATION_FORMAT = dwarf;
				ENABLE_STRICT_OBJC_MSGSEND = YES;
				ENABLE_TESTABILITY = YES;
				GCC_C_LANGUAGE_STANDARD = gnu99;
				GCC_DYNAMIC_NO_PIC = NO;
				GCC_NO_COMMON_BLOCKS = YES;
				GCC_OPTIMIZATION_LEVEL = 0;
				GCC_PREPROCESSOR_DEFINITIONS = (
					"DEBUG=1",
					"$(inherited)",
				);
				GCC_WARN_64_TO_32_BIT_CONVERSION = YES;
				GCC_WARN_ABOUT_RETURN_TYPE = YES_ERROR;
				GCC_WARN_UNDECLARED_SELECTOR = YES;
				GCC_WARN_UNINITIALIZED_AUTOS = YES_AGGRESSIVE;
				GCC_WARN_UNUSED_FUNCTION = YES;
				GCC_WARN_UNUSED_VARIABLE = YES;
				IPHONEOS_DEPLOYMENT_TARGET = 9.3;
				MTL_ENABLE_DEBUG_INFO = YES;
				ONLY_ACTIVE_ARCH = YES;
				SDKROOT = iphoneos;
				SWIFT_OPTIMIZATION_LEVEL = "-Onone";
				TARGETED_DEVICE_FAMILY = "1,2";
			};
			name = Debug;
		};
		42432F531D928A9C007DDF75 /* Release */ = {
			isa = XCBuildConfiguration;
			buildSettings = {
				ALWAYS_SEARCH_USER_PATHS = NO;
				CLANG_ANALYZER_NONNULL = YES;
				CLANG_CXX_LANGUAGE_STANDARD = "gnu++0x";
				CLANG_CXX_LIBRARY = "libc++";
				CLANG_ENABLE_MODULES = YES;
				CLANG_ENABLE_OBJC_ARC = YES;
				CLANG_WARN_BOOL_CONVERSION = YES;
				CLANG_WARN_CONSTANT_CONVERSION = YES;
				CLANG_WARN_DIRECT_OBJC_ISA_USAGE = YES_ERROR;
				CLANG_WARN_EMPTY_BODY = YES;
				CLANG_WARN_ENUM_CONVERSION = YES;
				CLANG_WARN_INT_CONVERSION = YES;
				CLANG_WARN_OBJC_ROOT_CLASS = YES_ERROR;
				CLANG_WARN_UNREACHABLE_CODE = YES;
				CLANG_WARN__DUPLICATE_METHOD_MATCH = YES;
				"CODE_SIGN_IDENTITY[sdk=iphoneos*]" = "iPhone Developer";
				COPY_PHASE_STRIP = NO;
				DEBUG_INFORMATION_FORMAT = "dwarf-with-dsym";
				ENABLE_NS_ASSERTIONS = NO;
				ENABLE_STRICT_OBJC_MSGSEND = YES;
				GCC_C_LANGUAGE_STANDARD = gnu99;
				GCC_NO_COMMON_BLOCKS = YES;
				GCC_WARN_64_TO_32_BIT_CONVERSION = YES;
				GCC_WARN_ABOUT_RETURN_TYPE = YES_ERROR;
				GCC_WARN_UNDECLARED_SELECTOR = YES;
				GCC_WARN_UNINITIALIZED_AUTOS = YES_AGGRESSIVE;
				GCC_WARN_UNUSED_FUNCTION = YES;
				GCC_WARN_UNUSED_VARIABLE = YES;
				IPHONEOS_DEPLOYMENT_TARGET = 9.3;
				MTL_ENABLE_DEBUG_INFO = NO;
				SDKROOT = iphoneos;
				TARGETED_DEVICE_FAMILY = "1,2";
				VALIDATE_PRODUCT = YES;
			};
			name = Release;
		};
		42432F551D928A9C007DDF75 /* Debug */ = {
			isa = XCBuildConfiguration;
			baseConfigurationReference = 4F144C07073A768916385CFA /* Pods-textU.debug.xcconfig */;
			buildSettings = {
				ASSETCATALOG_COMPILER_APPICON_NAME = AppIcon;
				CLANG_ENABLE_MODULES = YES;
				FRAMEWORK_SEARCH_PATHS = (
					"$(inherited)",
					"$(PROJECT_DIR)/FacebookSDK",
					"$(PROJECT_DIR)",
				);
				INFOPLIST_FILE = textU/Info.plist;
				LD_RUNPATH_SEARCH_PATHS = "$(inherited) @executable_path/Frameworks";
				PRODUCT_BUNDLE_IDENTIFIER = "Finoit-Technologies.textU";
				PRODUCT_NAME = "$(TARGET_NAME)";
				SWIFT_OBJC_BRIDGING_HEADER = "textU/textU-Bridging-Header.h";
				SWIFT_OPTIMIZATION_LEVEL = "-Onone";
			};
			name = Debug;
		};
		42432F561D928A9C007DDF75 /* Release */ = {
			isa = XCBuildConfiguration;
			baseConfigurationReference = 0C8BC30A60DB5C256097744A /* Pods-textU.release.xcconfig */;
			buildSettings = {
				ASSETCATALOG_COMPILER_APPICON_NAME = AppIcon;
				CLANG_ENABLE_MODULES = YES;
				FRAMEWORK_SEARCH_PATHS = (
					"$(inherited)",
					"$(PROJECT_DIR)/FacebookSDK",
					"$(PROJECT_DIR)",
				);
				INFOPLIST_FILE = textU/Info.plist;
				LD_RUNPATH_SEARCH_PATHS = "$(inherited) @executable_path/Frameworks";
				PRODUCT_BUNDLE_IDENTIFIER = "Finoit-Technologies.textU";
				PRODUCT_NAME = "$(TARGET_NAME)";
				SWIFT_OBJC_BRIDGING_HEADER = "textU/textU-Bridging-Header.h";
			};
			name = Release;
		};
		42432F581D928A9C007DDF75 /* Debug */ = {
			isa = XCBuildConfiguration;
			baseConfigurationReference = 5F218BDF09755397DFF51E9A /* Pods-textUTests.debug.xcconfig */;
			buildSettings = {
				BUNDLE_LOADER = "$(TEST_HOST)";
				INFOPLIST_FILE = textUTests/Info.plist;
				LD_RUNPATH_SEARCH_PATHS = "$(inherited) @executable_path/Frameworks @loader_path/Frameworks";
				PRODUCT_BUNDLE_IDENTIFIER = "Finoit-Technologies.textUTests";
				PRODUCT_NAME = "$(TARGET_NAME)";
				TEST_HOST = "$(BUILT_PRODUCTS_DIR)/textU.app/textU";
			};
			name = Debug;
		};
		42432F591D928A9C007DDF75 /* Release */ = {
			isa = XCBuildConfiguration;
			baseConfigurationReference = F5599ACEC8578D3FC3611CB9 /* Pods-textUTests.release.xcconfig */;
			buildSettings = {
				BUNDLE_LOADER = "$(TEST_HOST)";
				INFOPLIST_FILE = textUTests/Info.plist;
				LD_RUNPATH_SEARCH_PATHS = "$(inherited) @executable_path/Frameworks @loader_path/Frameworks";
				PRODUCT_BUNDLE_IDENTIFIER = "Finoit-Technologies.textUTests";
				PRODUCT_NAME = "$(TARGET_NAME)";
				TEST_HOST = "$(BUILT_PRODUCTS_DIR)/textU.app/textU";
			};
			name = Release;
		};
		42432F5B1D928A9C007DDF75 /* Debug */ = {
			isa = XCBuildConfiguration;
			baseConfigurationReference = 10D23C683479C77579789F2D /* Pods-textUUITests.debug.xcconfig */;
			buildSettings = {
				INFOPLIST_FILE = textUUITests/Info.plist;
				LD_RUNPATH_SEARCH_PATHS = "$(inherited) @executable_path/Frameworks @loader_path/Frameworks";
				PRODUCT_BUNDLE_IDENTIFIER = "Finoit-Technologies.textUUITests";
				PRODUCT_NAME = "$(TARGET_NAME)";
				TEST_TARGET_NAME = textU;
			};
			name = Debug;
		};
		42432F5C1D928A9C007DDF75 /* Release */ = {
			isa = XCBuildConfiguration;
			baseConfigurationReference = 819DAF1DDABA2CDD4012CF8D /* Pods-textUUITests.release.xcconfig */;
			buildSettings = {
				INFOPLIST_FILE = textUUITests/Info.plist;
				LD_RUNPATH_SEARCH_PATHS = "$(inherited) @executable_path/Frameworks @loader_path/Frameworks";
				PRODUCT_BUNDLE_IDENTIFIER = "Finoit-Technologies.textUUITests";
				PRODUCT_NAME = "$(TARGET_NAME)";
				TEST_TARGET_NAME = textU;
			};
			name = Release;
		};
/* End XCBuildConfiguration section */

/* Begin XCConfigurationList section */
		42432F241D928A9C007DDF75 /* Build configuration list for PBXProject "textU" */ = {
			isa = XCConfigurationList;
			buildConfigurations = (
				42432F521D928A9C007DDF75 /* Debug */,
				42432F531D928A9C007DDF75 /* Release */,
			);
			defaultConfigurationIsVisible = 0;
			defaultConfigurationName = Release;
		};
		42432F541D928A9C007DDF75 /* Build configuration list for PBXNativeTarget "textU" */ = {
			isa = XCConfigurationList;
			buildConfigurations = (
				42432F551D928A9C007DDF75 /* Debug */,
				42432F561D928A9C007DDF75 /* Release */,
			);
			defaultConfigurationIsVisible = 0;
			defaultConfigurationName = Release;
		};
		42432F571D928A9C007DDF75 /* Build configuration list for PBXNativeTarget "textUTests" */ = {
			isa = XCConfigurationList;
			buildConfigurations = (
				42432F581D928A9C007DDF75 /* Debug */,
				42432F591D928A9C007DDF75 /* Release */,
			);
			defaultConfigurationIsVisible = 0;
			defaultConfigurationName = Release;
		};
		42432F5A1D928A9C007DDF75 /* Build configuration list for PBXNativeTarget "textUUITests" */ = {
			isa = XCConfigurationList;
			buildConfigurations = (
				42432F5B1D928A9C007DDF75 /* Debug */,
				42432F5C1D928A9C007DDF75 /* Release */,
			);
			defaultConfigurationIsVisible = 0;
			defaultConfigurationName = Release;
		};
/* End XCConfigurationList section */

/* Begin XCVersionGroup section */
		42432F331D928A9C007DDF75 /* textU.xcdatamodeld */ = {
			isa = XCVersionGroup;
			children = (
				42432F341D928A9C007DDF75 /* textU.xcdatamodel */,
			);
			currentVersion = 42432F341D928A9C007DDF75 /* textU.xcdatamodel */;
			path = textU.xcdatamodeld;
			sourceTree = "<group>";
			versionGroupType = wrapper.xcdatamodel;
		};
/* End XCVersionGroup section */
	};
	rootObject = 42432F211D928A9C007DDF75 /* Project object */;
}
